
Microsoft Visual Studio Solution File, Format Version 12.00
# Visual Studio 15
VisualStudioVersion = 15.0.28307.168
MinimumVisualStudioVersion = 10.0.40219.1
Project("{FAE04EC0-301F-11D3-BF4B-00C04F79EFBC}") = "BAL", "BAL\BAL.csproj", "{53FD1A1E-EE1E-4215-A0A0-4BBAE05CD7D0}"
EndProject
Project("{FAE04EC0-301F-11D3-BF4B-00C04F79EFBC}") = "DTO", "DTO\DTO.csproj", "{D1681CBC-CF6C-4651-87FE-A7DBF9E1CFC7}"
EndProject
Project("{FAE04EC0-301F-11D3-BF4B-00C04F79EFBC}") = "SAL", "SAL\SAL.csproj", "{0E5CDA95-944D-4CA8-90A2-1D72F0E806FD}"
EndProject
Project("{FAE04EC0-301F-11D3-BF4B-00C04F79EFBC}") = "MVC", "MVC\MVC.csproj", "{E0910685-2AE4-4F31-8056-2E677A8CF749}"
EndProject
Project("{FAE04EC0-301F-11D3-BF4B-00C04F79EFBC}") = "API", "API\API.csproj", "{E926AFF5-5E64-415F-AC0D-D56B1424A4AE}"
EndProject
Project("{FAE04EC0-301F-11D3-BF4B-00C04F79EFBC}") = "UnitTestMGC", "UnitTestMGC\UnitTestMGC.csproj", "{8DBC49B7-0E12-42B2-B8BC-4CEE2591AACC}"
EndProject
Global
	GlobalSection(SolutionConfigurationPlatforms) = preSolution
		Debug|Any CPU = Debug|Any CPU
		Release|Any CPU = Release|Any CPU
	EndGlobalSection
	GlobalSection(ProjectConfigurationPlatforms) = postSolution
		{53FD1A1E-EE1E-4215-A0A0-4BBAE05CD7D0}.Debug|Any CPU.ActiveCfg = Debug|Any CPU
		{53FD1A1E-EE1E-4215-A0A0-4BBAE05CD7D0}.Debug|Any CPU.Build.0 = Debug|Any CPU
		{53FD1A1E-EE1E-4215-A0A0-4BBAE05CD7D0}.Release|Any CPU.ActiveCfg = Release|Any CPU
		{53FD1A1E-EE1E-4215-A0A0-4BBAE05CD7D0}.Release|Any CPU.Build.0 = Release|Any CPU
		{D1681CBC-CF6C-4651-87FE-A7DBF9E1CFC7}.Debug|Any CPU.ActiveCfg = Debug|Any CPU
		{D1681CBC-CF6C-4651-87FE-A7DBF9E1CFC7}.Debug|Any CPU.Build.0 = Debug|Any CPU
		{D1681CBC-CF6C-4651-87FE-A7DBF9E1CFC7}.Release|Any CPU.ActiveCfg = Release|Any CPU
		{D1681CBC-CF6C-4651-87FE-A7DBF9E1CFC7}.Release|Any CPU.Build.0 = Release|Any CPU
		{0E5CDA95-944D-4CA8-90A2-1D72F0E806FD}.Debug|Any CPU.ActiveCfg = Debug|Any CPU
		{0E5CDA95-944D-4CA8-90A2-1D72F0E806FD}.Debug|Any CPU.Build.0 = Debug|Any CPU
		{0E5CDA95-944D-4CA8-90A2-1D72F0E806FD}.Release|Any CPU.ActiveCfg = Release|Any CPU
		{0E5CDA95-944D-4CA8-90A2-1D72F0E806FD}.Release|Any CPU.Build.0 = Release|Any CPU
		{E0910685-2AE4-4F31-8056-2E677A8CF749}.Debug|Any CPU.ActiveCfg = Debug|Any CPU
		{E0910685-2AE4-4F31-8056-2E677A8CF749}.Debug|Any CPU.Build.0 = Debug|Any CPU
		{E0910685-2AE4-4F31-8056-2E677A8CF749}.Release|Any CPU.ActiveCfg = Release|Any CPU
		{E0910685-2AE4-4F31-8056-2E677A8CF749}.Release|Any CPU.Build.0 = Release|Any CPU
		{E926AFF5-5E64-415F-AC0D-D56B1424A4AE}.Debug|Any CPU.ActiveCfg = Debug|Any CPU
		{E926AFF5-5E64-415F-AC0D-D56B1424A4AE}.Debug|Any CPU.Build.0 = Debug|Any CPU
		{E926AFF5-5E64-415F-AC0D-D56B1424A4AE}.Release|Any CPU.ActiveCfg = Release|Any CPU
		{E926AFF5-5E64-415F-AC0D-D56B1424A4AE}.Release|Any CPU.Build.0 = Release|Any CPU
		{8DBC49B7-0E12-42B2-B8BC-4CEE2591AACC}.Debug|Any CPU.ActiveCfg = Debug|Any CPU
		{8DBC49B7-0E12-42B2-B8BC-4CEE2591AACC}.Debug|Any CPU.Build.0 = Debug|Any CPU
		{8DBC49B7-0E12-42B2-B8BC-4CEE2591AACC}.Release|Any CPU.ActiveCfg = Release|Any CPU
		{8DBC49B7-0E12-42B2-B8BC-4CEE2591AACC}.Release|Any CPU.Build.0 = Release|Any CPU
	EndGlobalSection
	GlobalSection(SolutionProperties) = preSolution
		HideSolutionNode = FALSE
	EndGlobalSection
	GlobalSection(ExtensibilityGlobals) = postSolution
		SolutionGuid = {28B963C7-519C-4987-B58C-4130BBD57B58}
	EndGlobalSection
EndGlobal
